PODS:
  - MarkdownKit (1.2)
  - SCLAlertView (0.7.0)
  - UITextField-Navigation (3.0.0)

DEPENDENCIES:
  - MarkdownKit
  - SCLAlertView
  - UITextField-Navigation

SPEC CHECKSUMS:
  MarkdownKit: 5ff9659d414f9a677b62667f4507766369d32129
  SCLAlertView: 8a14ffc40590c619e183eed2298b854385f30be1
  UITextField-Navigation: 20e317ede7db16990db5b42fedaaaa32997ef614

PODFILE CHECKSUM: 07b4c4bfffe6cde9cea5651dfd1a7aae665668e5

COCOAPODS: 1.2.0
